{
  "name": "topograph",
  "version": "1.0.0",
  "lockfileVersion": 1,
  "requires": true,
  "dependencies": {
    "lk-contract": {
      "version": "1.0.1",
      "resolved": "https://registry.npmjs.org/lk-contract/-/lk-contract-1.0.1.tgz",
      "integrity": "sha512-YiPNmpYUF3FyOYLLwmxGqFPQiMuSs8QSNkGDfaVoUiQioKqTDwnNIV5mjMHYLkEI647RHYpDyEKF7n+JEiAD3A==",
      "dev": true
    }
  }
}
